
Microsoft Visual Studio Solution File, Format Version 12.00
# Visual Studio Version 16
VisualStudioVersion = 16.0.31025.194
MinimumVisualStudioVersion = 10.0.40219.1
Project("{FAE04EC0-301F-11D3-BF4B-00C04F79EFBC}") = "PG-Core", "PG-Core\PG-Core.csproj", "{B0282722-3CDE-4D2B-8913-88B10CCA7203}"
EndProject
Global
	GlobalSection(SolutionConfigurationPlatforms) = preSolution
		Debug|Any CPU = Debug|Any CPU
		Release|Any CPU = Release|Any CPU
	EndGlobalSection
	GlobalSection(ProjectConfigurationPlatforms) = postSolution
		{B0282722-3CDE-4D2B-8913-88B10CCA7203}.Debug|Any CPU.ActiveCfg = Debug|Any CPU
		{B0282722-3CDE-4D2B-8913-88B10CCA7203}.Debug|Any CPU.Build.0 = Debug|Any CPU
		{B0282722-3CDE-4D2B-8913-88B10CCA7203}.Release|Any CPU.ActiveCfg = Release|Any CPU
		{B0282722-3CDE-4D2B-8913-88B10CCA7203}.Release|Any CPU.Build.0 = Release|Any CPU
	EndGlobalSection
	GlobalSection(SolutionProperties) = preSolution
		HideSolutionNode = FALSE
	EndGlobalSection
	GlobalSection(ExtensibilityGlobals) = postSolution
		SolutionGuid = {FD30AB29-F0FD-4D47-90EB-02E1E7364FDA}
	EndGlobalSection
EndGlobal
